
Microsoft Visual Studio Solution File, Format Version 12.00
# Visual Studio 2012
Project("{FAE04EC0-301F-11D3-BF4B-00C04F79EFBC}") = "Filmator", "Filmator\Filmator.csproj", "{49005A7C-5E7F-4497-AC18-1BA3A50C9965}"
EndProject
Project("{FAE04EC0-301F-11D3-BF4B-00C04F79EFBC}") = "FilmatorTest", "FilmatorTest\FilmatorTest.csproj", "{E47DAC5D-A3C6-41F1-ABA3-54D01A66AE73}"
EndProject
Global
	GlobalSection(SolutionConfigurationPlatforms) = preSolution
		Debug|Any CPU = Debug|Any CPU
		Release|Any CPU = Release|Any CPU
	EndGlobalSection
	GlobalSection(ProjectConfigurationPlatforms) = postSolution
		{49005A7C-5E7F-4497-AC18-1BA3A50C9965}.Debug|Any CPU.ActiveCfg = Debug|Any CPU
		{49005A7C-5E7F-4497-AC18-1BA3A50C9965}.Debug|Any CPU.Build.0 = Debug|Any CPU
		{49005A7C-5E7F-4497-AC18-1BA3A50C9965}.Release|Any CPU.ActiveCfg = Release|Any CPU
		{49005A7C-5E7F-4497-AC18-1BA3A50C9965}.Release|Any CPU.Build.0 = Release|Any CPU
		{E47DAC5D-A3C6-41F1-ABA3-54D01A66AE73}.Debug|Any CPU.ActiveCfg = Debug|Any CPU
		{E47DAC5D-A3C6-41F1-ABA3-54D01A66AE73}.Debug|Any CPU.Build.0 = Debug|Any CPU
		{E47DAC5D-A3C6-41F1-ABA3-54D01A66AE73}.Release|Any CPU.ActiveCfg = Release|Any CPU
		{E47DAC5D-A3C6-41F1-ABA3-54D01A66AE73}.Release|Any CPU.Build.0 = Release|Any CPU
	EndGlobalSection
	GlobalSection(SolutionProperties) = preSolution
		HideSolutionNode = FALSE
	EndGlobalSection
EndGlobal
